// !$*UTF8*$!
{
	archiveVersion = 1;
	classes = {
	};
	objectVersion = 46;
	objects = {

/* Begin PBXBuildFile section */
		4B0FB6D11E71EA4900C44761 /* AppDelegate.swift in Sources */ = {isa = PBXBuildFile; fileRef = 4B0FB6D01E71EA4900C44761 /* AppDelegate.swift */; };
		4B0FB6D31E71EA4900C44761 /* ViewController.swift in Sources */ = {isa = PBXBuildFile; fileRef = 4B0FB6D21E71EA4900C44761 /* ViewController.swift */; };
		4B0FB6D61E71EA4900C44761 /* Main.storyboard in Resources */ = {isa = PBXBuildFile; fileRef = 4B0FB6D41E71EA4900C44761 /* Main.storyboard */; };
		4B0FB6D81E71EA4900C44761 /* Assets.xcassets in Resources */ = {isa = PBXBuildFile; fileRef = 4B0FB6D71E71EA4900C44761 /* Assets.xcassets */; };
		4B0FB6DB1E71EA4900C44761 /* LaunchScreen.storyboard in Resources */ = {isa = PBXBuildFile; fileRef = 4B0FB6D91E71EA4900C44761 /* LaunchScreen.storyboard */; };
/* End PBXBuildFile section */

/* Begin PBXFileReference section */
		4B0FB6CD1E71EA4900C44761 /* MusicVideo.app */ = {isa = PBXFileReference; explicitFileType = wrapper.application; includeInIndex = 0; path = MusicVideo.app; sourceTree = BUILT_PRODUCTS_DIR; };
		4B0FB6D01E71EA4900C44761 /* AppDelegate.swift */ = {isa = PBXFileReference; lastKnownFileType = sourcecode.swift; path = AppDelegate.swift; sourceTree = "<group>"; };
		4B0FB6D21E71EA4900C44761 /* ViewController.swift */ = {isa = PBXFileReference; lastKnownFileType = sourcecode.swift; path = ViewController.swift; sourceTree = "<group>"; };
		4B0FB6D51E71EA4900C44761 /* Base */ = {isa = PBXFileReference; lastKnownFileType = file.storyboard; name = Base; path = Base.lproj/Main.storyboard; sourceTree = "<group>"; };
		4B0FB6D71E71EA4900C44761 /* Assets.xcassets */ = {isa = PBXFileReference; lastKnownFileType = folder.assetcatalog; path = Assets.xcassets; sourceTree = "<group>"; };
		4B0FB6DA1E71EA4900C44761 /* Base */ = {isa = PBXFileReference; lastKnownFileType = file.storyboard; name = Base; path = Base.lproj/LaunchScreen.storyboard; sourceTree = "<group>"; };
		4B0FB6DC1E71EA4900C44761 /* Info.plist */ = {isa = PBXFileReference; lastKnownFileType = text.plist.xml; path = Info.plist; sourceTree = "<group>"; };
/* End PBXFileReference section */

/* Begin PBXFrameworksBuildPhase section */
		4B0FB6CA1E71EA4900C44761 /* Frameworks */ = {
			isa = PBXFrameworksBuildPhase;
			buildActionMask = 2147483647;
			files = (
			);
			runOnlyForDeploymentPostprocessing = 0;
		};
/* End PBXFrameworksBuildPhase section */

/* Begin PBXGroup section */
		4B0FB6C41E71EA4900C44761 = {
			isa = PBXGroup;
			children = (
				4B0FB6E51E71EEB500C44761 /* New Group */,
				4B0FB6CE1E71EA4900C44761 /* Products */,
			);
			sourceTree = "<group>";
		};
		4B0FB6CE1E71EA4900C44761 /* Products */ = {
			isa = PBXGroup;
			children = (
				4B0FB6CD1E71EA4900C44761 /* MusicVideo.app */,
			);
			name = Products;
			sourceTree = "<group>";
		};
		4B0FB6CF1E71EA4900C44761 /* MusicVideo */ = {
			isa = PBXGroup;
			children = (
				4B0FB6E71E71EEDD00C44761 /* Supporting Files */,
				4B0FB6E21E71EE7A00C44761 /* Controller */,
				4B0FB6E31E71EE8900C44761 /* View */,
			);
			path = MusicVideo;
			sourceTree = "<group>";
		};
		4B0FB6E21E71EE7A00C44761 /* Controller */ = {
			isa = PBXGroup;
			children = (
				4B0FB6D21E71EA4900C44761 /* ViewController.swift */,
			);
			name = Controller;
			sourceTree = "<group>";
		};
		4B0FB6E31E71EE8900C44761 /* View */ = {
			isa = PBXGroup;
			children = (
				4B0FB6D91E71EA4900C44761 /* LaunchScreen.storyboard */,
				4B0FB6D41E71EA4900C44761 /* Main.storyboard */,
			);
			name = View;
			sourceTree = "<group>";
		};
		4B0FB6E41E71EEA100C44761 /* Model */ = {
			isa = PBXGroup;
			children = (
				4B0FB6D01E71EA4900C44761 /* AppDelegate.swift */,
			);
			name = Model;
			sourceTree = "<group>";
		};
		4B0FB6E51E71EEB500C44761 /* New Group */ = {
			isa = PBXGroup;
			children = (
				4B0FB6CF1E71EA4900C44761 /* MusicVideo */,
			);
			name = "New Group";
			sourceTree = "<group>";
		};
		4B0FB6E71E71EEDD00C44761 /* Supporting Files */ = {
			isa = PBXGroup;
			children = (
				4B0FB6D71E71EA4900C44761 /* Assets.xcassets */,
				4B0FB6DC1E71EA4900C44761 /* Info.plist */,
				4B0FB6E41E71EEA100C44761 /* Model */,
			);
			name = "Supporting Files";
			sourceTree = "<group>";
		};
/* End PBXGroup section */

/* Begin PBXNativeTarget section */
		4B0FB6CC1E71EA4900C44761 /* MusicVideo */ = {
			isa = PBXNativeTarget;
			buildConfigurationList = 4B0FB6DF1E71EA4900C44761 /* Build configuration list for PBXNativeTarget "MusicVideo" */;
			buildPhases = (
				4B0FB6C91E71EA4900C44761 /* Sources */,
				4B0FB6CA1E71EA4900C44761 /* Frameworks */,
				4B0FB6CB1E71EA4900C44761 /* Resources */,
			);
			buildRules = (
			);
			dependencies = (
			);
			name = MusicVideo;
			productName = MusicVideo;
			productReference = 4B0FB6CD1E71EA4900C44761 /* MusicVideo.app */;
			productType = "com.apple.product-type.application";
		};
/* End PBXNativeTarget section */

/* Begin PBXProject section */
		4B0FB6C51E71EA4900C44761 /* Project object */ = {
			isa = PBXProject;
			attributes = {
				LastSwiftUpdateCheck = 0810;
				LastUpgradeCheck = 0810;
				ORGANIZATIONNAME = "indresh arora";
				TargetAttributes = {
					4B0FB6CC1E71EA4900C44761 = {
						CreatedOnToolsVersion = 8.1;
						ProvisioningStyle = Automatic;
					};
				};
			};
			buildConfigurationList = 4B0FB6C81E71EA4900C44761 /* Build configuration list for PBXProject "MusicVideo" */;
			compatibilityVersion = "Xcode 3.2";
			developmentRegion = English;
			hasScannedForEncodings = 0;
			knownRegions = (
				en,
				Base,
			);
			mainGroup = 4B0FB6C41E71EA4900C44761;
			productRefGroup = 4B0FB6CE1E71EA4900C44761 /* Products */;
			projectDirPath = "";
			projectRoot = "";
			targets = (
				4B0FB6CC1E71EA4900C44761 /* MusicVideo */,
			);
		};
/* End PBXProject section */

/* Begin PBXResourcesBuildPhase section */
		4B0FB6CB1E71EA4900C44761 /* Resources */ = {
			isa = PBXResourcesBuildPhase;
			buildActionMask = 2147483647;
			files = (
				4B0FB6DB1E71EA4900C44761 /* LaunchScreen.storyboard in Resources */,
				4B0FB6D81E71EA4900C44761 /* Assets.xcassets in Resources */,
				4B0FB6D61E71EA4900C44761 /* Main.storyboard in Resources */,
			);
			runOnlyForDeploymentPostprocessing = 0;
		};
/* End PBXResourcesBuildPhase section */

/* Begin PBXSourcesBuildPhase section */
		4B0FB6C91E71EA4900C44761 /* Sources */ = {
			isa = PBXSourcesBuildPhase;
			buildActionMask = 2147483647;
			files = (
				4B0FB6D31E71EA4900C44761 /* ViewController.swift in Sources */,
				4B0FB6D11E71EA4900C44761 /* AppDelegate.swift in Sources */,
			);
			runOnlyForDeploymentPostprocessing = 0;
		};
/* End PBXSourcesBuildPhase section */

/* Begin PBXVariantGroup section */
		4B0FB6D41E71EA4900C44761 /* Main.storyboard */ = {
			isa = PBXVariantGroup;
			children = (
				4B0FB6D51E71EA4900C44761 /* Base */,
			);
			name = Main.storyboard;
			sourceTree = "<group>";
		};
		4B0FB6D91E71EA4900C44761 /* LaunchScreen.storyboard */ = {
			isa = PBXVariantGroup;
			children = (
				4B0FB6DA1E71EA4900C44761 /* Base */,
			);
			name = LaunchScreen.storyboard;
			sourceTree = "<group>";
		};
/* End PBXVariantGroup section */

/* Begin XCBuildConfiguration section */
		4B0FB6DD1E71EA4900C44761 /* Debug */ = {
			isa = XCBuildConfiguration;
			buildSettings = {
				ALWAYS_SEARCH_USER_PATHS = NO;
				CLANG_ANALYZER_NONNULL = YES;
				CLANG_CXX_LANGUAGE_STANDARD = "gnu++0x";
				CLANG_CXX_LIBRARY = "libc++";
				CLANG_ENABLE_MODULES = YES;
				CLANG_ENABLE_OBJC_ARC = YES;
				CLANG_WARN_BOOL_CONVERSION = YES;
				CLANG_WARN_CONSTANT_CONVERSION = YES;
				CLANG_WARN_DIRECT_OBJC_ISA_USAGE = YES_ERROR;
				CLANG_WARN_DOCUMENTATION_COMMENTS = YES;
				CLANG_WARN_EMPTY_BODY = YES;
				CLANG_WARN_ENUM_CONVERSION = YES;
				CLANG_WARN_INFINITE_RECURSION = YES;
				CLANG_WARN_INT_CONVERSION = YES;
				CLANG_WARN_OBJC_ROOT_CLASS = YES_ERROR;
				CLANG_WARN_SUSPICIOUS_MOVES = YES;
				CLANG_WARN_UNREACHABLE_CODE = YES;
				CLANG_WARN__DUPLICATE_METHOD_MATCH = YES;
				"CODE_SIGN_IDENTITY[sdk=iphoneos*]" = "iPhone Developer";
				COPY_PHASE_STRIP = NO;
				DEBUG_INFORMATION_FORMAT = dwarf;
				ENABLE_STRICT_OBJC_MSGSEND = YES;
				ENABLE_TESTABILITY = YES;
				GCC_C_LANGUAGE_STANDARD = gnu99;
				GCC_DYNAMIC_NO_PIC = NO;
				GCC_NO_COMMON_BLOCKS = YES;
				GCC_OPTIMIZATION_LEVEL = 0;
				GCC_PREPROCESSOR_DEFINITIONS = (
					"DEBUG=1",
					"$(inherited)",
				);
				GCC_WARN_64_TO_32_BIT_CONVERSION = YES;
				GCC_WARN_ABOUT_RETURN_TYPE = YES_ERROR;
				GCC_WARN_UNDECLARED_SELECTOR = YES;
				GCC_WARN_UNINITIALIZED_AUTOS = YES_AGGRESSIVE;
				GCC_WARN_UNUSED_FUNCTION = YES;
				GCC_WARN_UNUSED_VARIABLE = YES;
				IPHONEOS_DEPLOYMENT_TARGET = 10.1;
				MTL_ENABLE_DEBUG_INFO = YES;
				ONLY_ACTIVE_ARCH = YES;
				SDKROOT = iphoneos;
				SWIFT_ACTIVE_COMPILATION_CONDITIONS = DEBUG;
				SWIFT_OPTIMIZATION_LEVEL = "-Onone";
				TARGETED_DEVICE_FAMILY = "1,2";
			};
			name = Debug;
		};
		4B0FB6DE1E71EA4900C44761 /* Release */ = {
			isa = XCBuildConfiguration;
			buildSettings = {
				ALWAYS_SEARCH_USER_PATHS = NO;
				CLANG_ANALYZER_NONNULL = YES;
				CLANG_CXX_LANGUAGE_STANDARD = "gnu++0x";
				CLANG_CXX_LIBRARY = "libc++";
				CLANG_ENABLE_MODULES = YES;
				CLANG_ENABLE_OBJC_ARC = YES;
				CLANG_WARN_BOOL_CONVERSION = YES;
				CLANG_WARN_CONSTANT_CONVERSION = YES;
				CLANG_WARN_DIRECT_OBJC_ISA_USAGE = YES_ERROR;
				CLANG_WARN_DOCUMENTATION_COMMENTS = YES;
				CLANG_WARN_EMPTY_BODY = YES;
				CLANG_WARN_ENUM_CONVERSION = YES;
				CLANG_WARN_INFINITE_RECURSION = YES;
				CLANG_WARN_INT_CONVERSION = YES;
				CLANG_WARN_OBJC_ROOT_CLASS = YES_ERROR;
				CLANG_WARN_SUSPICIOUS_MOVES = YES;
				CLANG_WARN_UNREACHABLE_CODE = YES;
				CLANG_WARN__DUPLICATE_METHOD_MATCH = YES;
				"CODE_SIGN_IDENTITY[sdk=iphoneos*]" = "iPhone Developer";
				COPY_PHASE_STRIP = NO;
				DEBUG_INFORMATION_FORMAT = "dwarf-with-dsym";
				ENABLE_NS_ASSERTIONS = NO;
				ENABLE_STRICT_OBJC_MSGSEND = YES;
				GCC_C_LANGUAGE_STANDARD = gnu99;
				GCC_NO_COMMON_BLOCKS = YES;
				GCC_WARN_64_TO_32_BIT_CONVERSION = YES;
				GCC_WARN_ABOUT_RETURN_TYPE = YES_ERROR;
				GCC_WARN_UNDECLARED_SELECTOR = YES;
				GCC_WARN_UNINITIALIZED_AUTOS = YES_AGGRESSIVE;
				GCC_WARN_UNUSED_FUNCTION = YES;
				GCC_WARN_UNUSED_VARIABLE = YES;
				IPHONEOS_DEPLOYMENT_TARGET = 10.1;
				MTL_ENABLE_DEBUG_INFO = NO;
				SDKROOT = iphoneos;
				SWIFT_OPTIMIZATION_LEVEL = "-Owholemodule";
				TARGETED_DEVICE_FAMILY = "1,2";
				VALIDATE_PRODUCT = YES;
			};
			name = Release;
		};
		4B0FB6E01E71EA4900C44761 /* Debug */ = {
			isa = XCBuildConfiguration;
			buildSettings = {
				ASSETCATALOG_COMPILER_APPICON_NAME = AppIcon;
				INFOPLIST_FILE = MusicVideo/Info.plist;
				LD_RUNPATH_SEARCH_PATHS = "$(inherited) @executable_path/Frameworks";
				PRODUCT_BUNDLE_IDENTIFIER = ia.MusicVideo;
				PRODUCT_NAME = "$(TARGET_NAME)";
				SWIFT_VERSION = 3.0;
			};
			name = Debug;
		};
		4B0FB6E11E71EA4900C44761 /* Release */ = {
			isa = XCBuildConfiguration;
			buildSettings = {
				ASSETCATALOG_COMPILER_APPICON_NAME = AppIcon;
				INFOPLIST_FILE = MusicVideo/Info.plist;
				LD_RUNPATH_SEARCH_PATHS = "$(inherited) @executable_path/Frameworks";
				PRODUCT_BUNDLE_IDENTIFIER = ia.MusicVideo;
				PRODUCT_NAME = "$(TARGET_NAME)";
				SWIFT_VERSION = 3.0;
			};
			name = Release;
		};
/* End XCBuildConfiguration section */

/* Begin XCConfigurationList section */
		4B0FB6C81E71EA4900C44761 /* Build configuration list for PBXProject "MusicVideo" */ = {
			isa = XCConfigurationList;
			buildConfigurations = (
				4B0FB6DD1E71EA4900C44761 /* Debug */,
				4B0FB6DE1E71EA4900C44761 /* Release */,
			);
			defaultConfigurationIsVisible = 0;
			defaultConfigurationName = Release;
		};
		4B0FB6DF1E71EA4900C44761 /* Build configuration list for PBXNativeTarget "MusicVideo" */ = {
			isa = XCConfigurationList;
			buildConfigurations = (
				4B0FB6E01E71EA4900C44761 /* Debug */,
				4B0FB6E11E71EA4900C44761 /* Release */,
			);
			defaultConfigurationIsVisible = 0;
		};
/* End XCConfigurationList section */
	};
	rootObject = 4B0FB6C51E71EA4900C44761 /* Project object */;
}
